
Microsoft Visual Studio Solution File, Format Version 12.00
# Visual Studio Version 17
VisualStudioVersion = 17.8.34408.163
MinimumVisualStudioVersion = 10.0.40219.1
Project("{FAE04EC0-301F-11D3-BF4B-00C04F79EFBC}") = "MockAssessment5b", "MockAssessment5b\MockAssessment5b.csproj", "{54E28E95-DADB-4802-AA98-42B8CE4A5BE8}"
EndProject
Global
	GlobalSection(SolutionConfigurationPlatforms) = preSolution
		Debug|Any CPU = Debug|Any CPU
		Release|Any CPU = Release|Any CPU
	EndGlobalSection
	GlobalSection(ProjectConfigurationPlatforms) = postSolution
		{54E28E95-DADB-4802-AA98-42B8CE4A5BE8}.Debug|Any CPU.ActiveCfg = Debug|Any CPU
		{54E28E95-DADB-4802-AA98-42B8CE4A5BE8}.Debug|Any CPU.Build.0 = Debug|Any CPU
		{54E28E95-DADB-4802-AA98-42B8CE4A5BE8}.Release|Any CPU.ActiveCfg = Release|Any CPU
		{54E28E95-DADB-4802-AA98-42B8CE4A5BE8}.Release|Any CPU.Build.0 = Release|Any CPU
	EndGlobalSection
	GlobalSection(SolutionProperties) = preSolution
		HideSolutionNode = FALSE
	EndGlobalSection
	GlobalSection(ExtensibilityGlobals) = postSolution
		SolutionGuid = {94625161-9A95-4185-BBE1-0888B1B34847}
	EndGlobalSection
EndGlobal
